
Microsoft Visual Studio Solution File, Format Version 12.00
# Visual Studio Version 16
VisualStudioVersion = 16.0.31613.86
MinimumVisualStudioVersion = 10.0.40219.1
Project("{FAE04EC0-301F-11D3-BF4B-00C04F79EFBC}") = "Authentification", "Authentification\Authentification.csproj", "{966F5D3A-80EE-4249-B474-56EB747ADF6D}"
EndProject
Global
	GlobalSection(SolutionConfigurationPlatforms) = preSolution
		Debug|Any CPU = Debug|Any CPU
		Release|Any CPU = Release|Any CPU
	EndGlobalSection
	GlobalSection(ProjectConfigurationPlatforms) = postSolution
		{966F5D3A-80EE-4249-B474-56EB747ADF6D}.Debug|Any CPU.ActiveCfg = Debug|Any CPU
		{966F5D3A-80EE-4249-B474-56EB747ADF6D}.Debug|Any CPU.Build.0 = Debug|Any CPU
		{966F5D3A-80EE-4249-B474-56EB747ADF6D}.Release|Any CPU.ActiveCfg = Release|Any CPU
		{966F5D3A-80EE-4249-B474-56EB747ADF6D}.Release|Any CPU.Build.0 = Release|Any CPU
	EndGlobalSection
	GlobalSection(SolutionProperties) = preSolution
		HideSolutionNode = FALSE
	EndGlobalSection
	GlobalSection(ExtensibilityGlobals) = postSolution
		SolutionGuid = {180453CF-5C62-4FE8-A2D7-5A053E94F1DB}
	EndGlobalSection
EndGlobal
