
Microsoft Visual Studio Solution File, Format Version 12.00
# Visual Studio Version 16
VisualStudioVersion = 16.0.31613.86
MinimumVisualStudioVersion = 10.0.40219.1
Project("{FAE04EC0-301F-11D3-BF4B-00C04F79EFBC}") = "TestProject1", "TestProject1\TestProject1.csproj", "{29EFF607-EDE1-4929-8C1D-9AB63988982D}"
EndProject
Global
	GlobalSection(SolutionConfigurationPlatforms) = preSolution
		Debug|Any CPU = Debug|Any CPU
		Release|Any CPU = Release|Any CPU
	EndGlobalSection
	GlobalSection(ProjectConfigurationPlatforms) = postSolution
		{29EFF607-EDE1-4929-8C1D-9AB63988982D}.Debug|Any CPU.ActiveCfg = Debug|Any CPU
		{29EFF607-EDE1-4929-8C1D-9AB63988982D}.Debug|Any CPU.Build.0 = Debug|Any CPU
		{29EFF607-EDE1-4929-8C1D-9AB63988982D}.Release|Any CPU.ActiveCfg = Release|Any CPU
		{29EFF607-EDE1-4929-8C1D-9AB63988982D}.Release|Any CPU.Build.0 = Release|Any CPU
	EndGlobalSection
	GlobalSection(SolutionProperties) = preSolution
		HideSolutionNode = FALSE
	EndGlobalSection
	GlobalSection(ExtensibilityGlobals) = postSolution
		SolutionGuid = {333545EF-6F14-4EA6-80C4-974877A9DB74}
	EndGlobalSection
EndGlobal
